
Microsoft Visual Studio Solution File, Format Version 12.00
# Visual Studio 15
VisualStudioVersion = 15.0.28307.572
MinimumVisualStudioVersion = 10.0.40219.1
Project("{888888A0-9F3D-457C-B088-3A5042F75D52}") = "GAN", "GAN\GAN.pyproj", "{5E839EDD-B2CE-4E6C-9319-E52AC2168511}"
EndProject
Global
	GlobalSection(SolutionConfigurationPlatforms) = preSolution
		Debug|Any CPU = Debug|Any CPU
		Release|Any CPU = Release|Any CPU
	EndGlobalSection
	GlobalSection(ProjectConfigurationPlatforms) = postSolution
		{5E839EDD-B2CE-4E6C-9319-E52AC2168511}.Debug|Any CPU.ActiveCfg = Debug|Any CPU
		{5E839EDD-B2CE-4E6C-9319-E52AC2168511}.Release|Any CPU.ActiveCfg = Release|Any CPU
	EndGlobalSection
	GlobalSection(SolutionProperties) = preSolution
		HideSolutionNode = FALSE
	EndGlobalSection
	GlobalSection(ExtensibilityGlobals) = postSolution
		SolutionGuid = {7A9FFA7D-C450-42E8-843D-A3FE17079570}
	EndGlobalSection
EndGlobal
