
Microsoft Visual Studio Solution File, Format Version 12.00
# Visual Studio 15
VisualStudioVersion = 15.0.28307.572
MinimumVisualStudioVersion = 10.0.40219.1
Project("{888888A0-9F3D-457C-B088-3A5042F75D52}") = "RL_Value_function", "RL_Value_function\RL_Value_function.pyproj", "{73D9F90D-1088-4CC7-AC16-84A38622BD1A}"
EndProject
Global
	GlobalSection(SolutionConfigurationPlatforms) = preSolution
		Debug|Any CPU = Debug|Any CPU
		Release|Any CPU = Release|Any CPU
	EndGlobalSection
	GlobalSection(ProjectConfigurationPlatforms) = postSolution
		{73D9F90D-1088-4CC7-AC16-84A38622BD1A}.Debug|Any CPU.ActiveCfg = Debug|Any CPU
		{73D9F90D-1088-4CC7-AC16-84A38622BD1A}.Release|Any CPU.ActiveCfg = Release|Any CPU
	EndGlobalSection
	GlobalSection(SolutionProperties) = preSolution
		HideSolutionNode = FALSE
	EndGlobalSection
	GlobalSection(ExtensibilityGlobals) = postSolution
		SolutionGuid = {8063AF8D-AC18-4B11-9369-6850279052DF}
	EndGlobalSection
EndGlobal
