
Microsoft Visual Studio Solution File, Format Version 12.00
# Visual Studio Version 16
VisualStudioVersion = 16.0.30011.22
MinimumVisualStudioVersion = 10.0.40219.1
Project("{888888A0-9F3D-457C-B088-3A5042F75D52}") = "GANs", "GANs\GANs.pyproj", "{9AAD75B9-3035-444B-B7C0-FD73A30362F2}"
EndProject
Global
	GlobalSection(SolutionConfigurationPlatforms) = preSolution
		Debug|Any CPU = Debug|Any CPU
		Release|Any CPU = Release|Any CPU
	EndGlobalSection
	GlobalSection(ProjectConfigurationPlatforms) = postSolution
		{9AAD75B9-3035-444B-B7C0-FD73A30362F2}.Debug|Any CPU.ActiveCfg = Debug|Any CPU
		{9AAD75B9-3035-444B-B7C0-FD73A30362F2}.Release|Any CPU.ActiveCfg = Release|Any CPU
	EndGlobalSection
	GlobalSection(SolutionProperties) = preSolution
		HideSolutionNode = FALSE
	EndGlobalSection
	GlobalSection(ExtensibilityGlobals) = postSolution
		SolutionGuid = {E6D6BBE8-294C-408B-8C31-95AA72133023}
	EndGlobalSection
EndGlobal
