
Microsoft Visual Studio Solution File, Format Version 12.00
# Visual Studio Version 16
VisualStudioVersion = 16.0.29326.143
MinimumVisualStudioVersion = 10.0.40219.1
Project("{888888A0-9F3D-457C-B088-3A5042F75D52}") = "text_GAN", "text_GAN\text_GAN.pyproj", "{945E1CCF-594F-47E1-81A9-3ABB771E7E4B}"
EndProject
Global
	GlobalSection(SolutionConfigurationPlatforms) = preSolution
		Debug|Any CPU = Debug|Any CPU
		Release|Any CPU = Release|Any CPU
	EndGlobalSection
	GlobalSection(ProjectConfigurationPlatforms) = postSolution
		{945E1CCF-594F-47E1-81A9-3ABB771E7E4B}.Debug|Any CPU.ActiveCfg = Debug|Any CPU
		{945E1CCF-594F-47E1-81A9-3ABB771E7E4B}.Release|Any CPU.ActiveCfg = Release|Any CPU
	EndGlobalSection
	GlobalSection(SolutionProperties) = preSolution
		HideSolutionNode = FALSE
	EndGlobalSection
	GlobalSection(ExtensibilityGlobals) = postSolution
		SolutionGuid = {784D4E5E-39A6-4235-BE6F-CDEA3BCEBE50}
	EndGlobalSection
EndGlobal
