
Microsoft Visual Studio Solution File, Format Version 12.00
# Visual Studio 15
VisualStudioVersion = 15.0.28307.572
MinimumVisualStudioVersion = 10.0.40219.1
Project("{888888A0-9F3D-457C-B088-3A5042F75D52}") = "RL_Policy_gradients", "RL_Policy_gradients\RL_Policy_gradients.pyproj", "{6353A230-AB1D-4FCB-A379-FA4587E2F948}"
EndProject
Global
	GlobalSection(SolutionConfigurationPlatforms) = preSolution
		Debug|Any CPU = Debug|Any CPU
		Release|Any CPU = Release|Any CPU
	EndGlobalSection
	GlobalSection(ProjectConfigurationPlatforms) = postSolution
		{6353A230-AB1D-4FCB-A379-FA4587E2F948}.Debug|Any CPU.ActiveCfg = Debug|Any CPU
		{6353A230-AB1D-4FCB-A379-FA4587E2F948}.Release|Any CPU.ActiveCfg = Release|Any CPU
	EndGlobalSection
	GlobalSection(SolutionProperties) = preSolution
		HideSolutionNode = FALSE
	EndGlobalSection
	GlobalSection(ExtensibilityGlobals) = postSolution
		SolutionGuid = {CF13B46D-43BC-4698-953E-C396FC5B0476}
	EndGlobalSection
EndGlobal
